
Microsoft Visual Studio Solution File, Format Version 12.00
# Visual Studio 15
VisualStudioVersion = 15.0.28307.572
MinimumVisualStudioVersion = 10.0.40219.1
Project("{FAE04EC0-301F-11D3-BF4B-00C04F79EFBC}") = "ArrayWinApp", "ArrayWinApp\ArrayWinApp.csproj", "{EFF19C8E-339A-4896-8CE3-6BBF6C1B76B4}"
EndProject
Global
	GlobalSection(SolutionConfigurationPlatforms) = preSolution
		Debug|Any CPU = Debug|Any CPU
		Release|Any CPU = Release|Any CPU
	EndGlobalSection
	GlobalSection(ProjectConfigurationPlatforms) = postSolution
		{EFF19C8E-339A-4896-8CE3-6BBF6C1B76B4}.Debug|Any CPU.ActiveCfg = Debug|Any CPU
		{EFF19C8E-339A-4896-8CE3-6BBF6C1B76B4}.Debug|Any CPU.Build.0 = Debug|Any CPU
		{EFF19C8E-339A-4896-8CE3-6BBF6C1B76B4}.Release|Any CPU.ActiveCfg = Release|Any CPU
		{EFF19C8E-339A-4896-8CE3-6BBF6C1B76B4}.Release|Any CPU.Build.0 = Release|Any CPU
	EndGlobalSection
	GlobalSection(SolutionProperties) = preSolution
		HideSolutionNode = FALSE
	EndGlobalSection
	GlobalSection(ExtensibilityGlobals) = postSolution
		SolutionGuid = {73E11D2E-F8D4-40C5-9EDA-A9F91ACF5C4E}
	EndGlobalSection
EndGlobal
